
Microsoft Visual Studio Solution File, Format Version 12.00
# Visual Studio 14
VisualStudioVersion = 14.0.24720.0
MinimumVisualStudioVersion = 10.0.40219.1
Project("{FAE04EC0-301F-11D3-BF4B-00C04F79EFBC}") = "Labirinto", "Labirinto\Labirinto.csproj", "{7EE2FBA9-886F-4E15-BCE3-DC8C7594B8EF}"
EndProject
Project("{FAE04EC0-301F-11D3-BF4B-00C04F79EFBC}") = "LabIhc", "LabIhc\LabIhc.csproj", "{821548A0-B803-4899-B354-DB3577A13C1C}"
EndProject
Global
	GlobalSection(SolutionConfigurationPlatforms) = preSolution
		Debug|Any CPU = Debug|Any CPU
		Release|Any CPU = Release|Any CPU
	EndGlobalSection
	GlobalSection(ProjectConfigurationPlatforms) = postSolution
		{7EE2FBA9-886F-4E15-BCE3-DC8C7594B8EF}.Debug|Any CPU.ActiveCfg = Debug|Any CPU
		{7EE2FBA9-886F-4E15-BCE3-DC8C7594B8EF}.Debug|Any CPU.Build.0 = Debug|Any CPU
		{7EE2FBA9-886F-4E15-BCE3-DC8C7594B8EF}.Release|Any CPU.ActiveCfg = Release|Any CPU
		{7EE2FBA9-886F-4E15-BCE3-DC8C7594B8EF}.Release|Any CPU.Build.0 = Release|Any CPU
		{821548A0-B803-4899-B354-DB3577A13C1C}.Debug|Any CPU.ActiveCfg = Debug|Any CPU
		{821548A0-B803-4899-B354-DB3577A13C1C}.Debug|Any CPU.Build.0 = Debug|Any CPU
		{821548A0-B803-4899-B354-DB3577A13C1C}.Release|Any CPU.ActiveCfg = Release|Any CPU
		{821548A0-B803-4899-B354-DB3577A13C1C}.Release|Any CPU.Build.0 = Release|Any CPU
	EndGlobalSection
	GlobalSection(SolutionProperties) = preSolution
		HideSolutionNode = FALSE
	EndGlobalSection
EndGlobal
